
Microsoft Visual Studio Solution File, Format Version 12.00
# Visual Studio 15
VisualStudioVersion = 15.0.27703.2047
MinimumVisualStudioVersion = 10.0.40219.1
Project("{FAE04EC0-301F-11D3-BF4B-00C04F79EFBC}") = "Ejercicio3", "Ejercicio3\Ejercicio3.csproj", "{71866D47-4EDC-43EF-AAD4-7F50749DAB87}"
EndProject
Project("{FAE04EC0-301F-11D3-BF4B-00C04F79EFBC}") = "Ejercicio4", "Ejercicio4\Ejercicio4.csproj", "{E2AAB236-E82F-4935-82C3-1FD1A481B45B}"
EndProject
Project("{FAE04EC0-301F-11D3-BF4B-00C04F79EFBC}") = "Ejercicio1", "Ejercicio1\Ejercicio1.csproj", "{27348634-07A3-46B2-AEC2-781022F8CB34}"
EndProject
Project("{FAE04EC0-301F-11D3-BF4B-00C04F79EFBC}") = "Ejercicio2", "Ejercicio2\Ejercicio2.csproj", "{35F2947F-F9C9-47C2-8010-4B1AAB6374A2}"
EndProject
Global
	GlobalSection(SolutionConfigurationPlatforms) = preSolution
		Debug|Any CPU = Debug|Any CPU
		Release|Any CPU = Release|Any CPU
	EndGlobalSection
	GlobalSection(ProjectConfigurationPlatforms) = postSolution
		{71866D47-4EDC-43EF-AAD4-7F50749DAB87}.Debug|Any CPU.ActiveCfg = Debug|Any CPU
		{71866D47-4EDC-43EF-AAD4-7F50749DAB87}.Debug|Any CPU.Build.0 = Debug|Any CPU
		{71866D47-4EDC-43EF-AAD4-7F50749DAB87}.Release|Any CPU.ActiveCfg = Release|Any CPU
		{71866D47-4EDC-43EF-AAD4-7F50749DAB87}.Release|Any CPU.Build.0 = Release|Any CPU
		{E2AAB236-E82F-4935-82C3-1FD1A481B45B}.Debug|Any CPU.ActiveCfg = Debug|Any CPU
		{E2AAB236-E82F-4935-82C3-1FD1A481B45B}.Debug|Any CPU.Build.0 = Debug|Any CPU
		{E2AAB236-E82F-4935-82C3-1FD1A481B45B}.Release|Any CPU.ActiveCfg = Release|Any CPU
		{E2AAB236-E82F-4935-82C3-1FD1A481B45B}.Release|Any CPU.Build.0 = Release|Any CPU
		{27348634-07A3-46B2-AEC2-781022F8CB34}.Debug|Any CPU.ActiveCfg = Debug|Any CPU
		{27348634-07A3-46B2-AEC2-781022F8CB34}.Debug|Any CPU.Build.0 = Debug|Any CPU
		{27348634-07A3-46B2-AEC2-781022F8CB34}.Release|Any CPU.ActiveCfg = Release|Any CPU
		{27348634-07A3-46B2-AEC2-781022F8CB34}.Release|Any CPU.Build.0 = Release|Any CPU
		{35F2947F-F9C9-47C2-8010-4B1AAB6374A2}.Debug|Any CPU.ActiveCfg = Debug|Any CPU
		{35F2947F-F9C9-47C2-8010-4B1AAB6374A2}.Debug|Any CPU.Build.0 = Debug|Any CPU
		{35F2947F-F9C9-47C2-8010-4B1AAB6374A2}.Release|Any CPU.ActiveCfg = Release|Any CPU
		{35F2947F-F9C9-47C2-8010-4B1AAB6374A2}.Release|Any CPU.Build.0 = Release|Any CPU
	EndGlobalSection
	GlobalSection(SolutionProperties) = preSolution
		HideSolutionNode = FALSE
	EndGlobalSection
	GlobalSection(ExtensibilityGlobals) = postSolution
		SolutionGuid = {9221C161-4FB7-47E0-BF15-447171E86554}
	EndGlobalSection
EndGlobal
